
Microsoft Visual Studio Solution File, Format Version 12.00
# Visual Studio Version 17
VisualStudioVersion = 17.13.35931.197
MinimumVisualStudioVersion = 10.0.40219.1
Project("{FAE04EC0-301F-11D3-BF4B-00C04F79EFBC}") = "PokemonBlazor", "PokemonBlazor.csproj", "{B60B8BF2-42FA-4110-8E86-C2DF514F2759}"
EndProject
Global
	GlobalSection(SolutionConfigurationPlatforms) = preSolution
		Debug|Any CPU = Debug|Any CPU
		Release|Any CPU = Release|Any CPU
	EndGlobalSection
	GlobalSection(ProjectConfigurationPlatforms) = postSolution
		{B60B8BF2-42FA-4110-8E86-C2DF514F2759}.Debug|Any CPU.ActiveCfg = Debug|Any CPU
		{B60B8BF2-42FA-4110-8E86-C2DF514F2759}.Debug|Any CPU.Build.0 = Debug|Any CPU
		{B60B8BF2-42FA-4110-8E86-C2DF514F2759}.Release|Any CPU.ActiveCfg = Release|Any CPU
		{B60B8BF2-42FA-4110-8E86-C2DF514F2759}.Release|Any CPU.Build.0 = Release|Any CPU
	EndGlobalSection
	GlobalSection(SolutionProperties) = preSolution
		HideSolutionNode = FALSE
	EndGlobalSection
	GlobalSection(ExtensibilityGlobals) = postSolution
		SolutionGuid = {921707E7-C7AB-4DDD-A6E1-A7651A6CA0C8}
	EndGlobalSection
EndGlobal
